
Microsoft Visual Studio Solution File, Format Version 12.00
# Visual Studio Version 17
VisualStudioVersion = 17.4.33213.308
MinimumVisualStudioVersion = 10.0.40219.1
Project("{FAE04EC0-301F-11D3-BF4B-00C04F79EFBC}") = "SitioTaxis_API", "SitioTaxis_API\SitioTaxis_API.csproj", "{079E86D0-54F5-4086-B5AB-DE767C8A9A95}"
EndProject
Global
	GlobalSection(SolutionConfigurationPlatforms) = preSolution
		Debug|Any CPU = Debug|Any CPU
		Release|Any CPU = Release|Any CPU
	EndGlobalSection
	GlobalSection(ProjectConfigurationPlatforms) = postSolution
		{079E86D0-54F5-4086-B5AB-DE767C8A9A95}.Debug|Any CPU.ActiveCfg = Debug|Any CPU
		{079E86D0-54F5-4086-B5AB-DE767C8A9A95}.Debug|Any CPU.Build.0 = Debug|Any CPU
		{079E86D0-54F5-4086-B5AB-DE767C8A9A95}.Release|Any CPU.ActiveCfg = Release|Any CPU
		{079E86D0-54F5-4086-B5AB-DE767C8A9A95}.Release|Any CPU.Build.0 = Release|Any CPU
	EndGlobalSection
	GlobalSection(SolutionProperties) = preSolution
		HideSolutionNode = FALSE
	EndGlobalSection
	GlobalSection(ExtensibilityGlobals) = postSolution
		SolutionGuid = {5A292286-AAB7-4F2D-846B-7427BED96D6D}
	EndGlobalSection
EndGlobal
